github.com/davecgh/go-spew v1.1.0/go.mod h1:J7Y8YcW2NihsgmVo/mv3lAwl/skON4iLHjSsI+c5H38=
github.com/davecgh/go-spew v1.1.1 h1:vj9j/u1bqnvCEfJOwUhtlOARqs3+rkHYY13jYWTU97c=
github.com/davecgh/go-spew v1.1.1/go.mod h1:J7Y8YcW2NihsgmVo/mv3lAwl/skON4iLHjSsI+c5H38=
github.com/fxamacker/cbor/v2 v2.4.0 h1:ri0ArlOR+5XunOP8CRUowT0pSJOwhW098ZCUyskZD88=
github.com/fxamacker/cbor/v2 v2.4.0/go.mod h1:TA1xS00nchWmaBnEIxPSE5oHLuJBAVvqrtAnWBwBCVo=
github.com/henrydcase/nobs v0.0.0-20210422124615-3a8ac85da11b h1:pr3HoGXC9qTsyOeON9+TZhwD0mSdJwLlG0WgMaclWlQ=
github.com/henrydcase/nobs v0.0.0-20210422124615-3a8ac85da11b/go.mod h1:+liTPsuK0xSOSyNKhVz4h7Khig8zW4NcvxdVbzS0Jyw=
github.com/katzenpost/chacha20 v0.0.0-20190910113340-7ce890d6a556 h1:9gHByAWH1LydGefFGorN1ZBRZ/Oz9iozdzMvRTWpyRw=
github.com/katzenpost/chacha20 v0.0.0-20190910113340-7ce890d6a556/go.mod h1:d9kxwmGOcutgP6bQwr2xaLInaW5yJsxsoPRyUIG0J/E=
github.com/katzenpost/ctidh_cgo v0.0.0-20230221154820-a332f2af8202 h1:1Q1OxBqejEQZX/dI6nXIs8LHm4SslBJjlb15s6/Rgvo=
github.com/katzenpost/ctidh_cgo v0.0.0-20230221154820-a332f2af8202/go.mod h1:SfsyoYU9SyUSu46WK58qY9x7EHX+PexWqvKXI4dMhyU=
github.com/katzenpost/katzenpost v0.0.22-0.20230305225901-133ba3560c70 h1:LDrYWgjlF5+tPUZwh4mLVMG3avIt6/rfzkZ+yF2Z8Ow=
github.com/katzenpost/katzenpost v0.0.22-0.20230305225901-133ba3560c70/go.mod h1:RSNTSZ74l4lKdNlihT6nNsugRHZZqIHrzN1H+7n61Gg=
github.com/katzenpost/katzenpost v0.0.22-0.20230305232027-ea176b5585e7 h1:dM0cAM560bPisLslsk8lBoWSNEGHrgM/nEfR91YE/AI=
github.com/katzenpost/katzenpost v0.0.22-0.20230305232027-ea176b5585e7/go.mod h1:c7CxTRCWBxIOENvDYEK63Z/vRAMvY0isbInj50jQOpE=
github.com/katzenpost/katzenpost v0.0.22-0.20230305232931-72fc001cc534 h1:i8aCCW/1E06P0mm1DM76VHy1DvOp48ERzp4c6JrkVIk=
github.com/katzenpost/katzenpost v0.0.22-0.20230305232931-72fc001cc534/go.mod h1:c7CxTRCWBxIOENvDYEK63Z/vRAMvY0isbInj50jQOpE=
github.com/mattn/go-pointer v0.0.1 h1:n+XhsuGeVO6MEAp7xyEukFINEa+Quek5psIR/ylA6o0=
github.com/mattn/go-pointer v0.0.1/go.mod h1:2zXcozF6qYGgmsG+SeTZz3oAbFLdD3OWqnUbNvJZAlc=
github.com/pmezard/go-difflib v1.0.0 h1:4DBwDE0NGyQoBHbLQYPwSUPoCMWR5BEzIk/f1lZbAQM=
github.com/pmezard/go-difflib v1.0.0/go.mod h1:iKH77koFhYxTK1pcRnkKkqfTogsbg7gZNVY4sRDYZ/4=
github.com/stretchr/objx v0.1.0/go.mod h1:HFkY916IF+rwdDfMAkV7OtwuqBVzrE8GR6GFx+wExME=
github.com/stretchr/objx v0.4.0/go.mod h1:YvHI0jy2hoMjB+UWwv71VJQ9isScKT/TqJzVSSt89Yw=
github.com/stretchr/objx v0.5.0/go.mod h1:Yh+to48EsGEfYuaHDzXPcE3xhTkx73EhmCGUpEOglKo=
github.com/stretchr/testify v1.4.0/go.mod h1:j7eGeouHqKxXV5pUuKE4zz7dFj8WfuZ+81PSLYec5m4=
github.com/stretchr/testify v1.7.1/go.mod h1:6Fq8oRcR53rry900zMqJjRRixrwX3KX962/h/Wwjteg=
github.com/stretchr/testify v1.8.0/go.mod h1:yNjHg4UonilssWZ8iaSj1OCr/vHnekPRkoO+kdMU+MU=
github.com/stretchr/testify v1.8.1 h1:w7B6lhMri9wdJUVmEZPGGhZzrYTPvgJArz7wNPgYKsk=
github.com/stretchr/testify v1.8.1/go.mod h1:w2LPCIKwWwSfY2zedu0+kehJoqGctiVI29o6fzry7u4=
github.com/x448/float16 v0.8.4 h1:qLwI1I70+NjRFUR3zs1JPUCgaCXSh3SW62uAKT1mSBM=
github.com/x448/float16 v0.8.4/go.mod h1:14CWIYCyZA/cWjXOioeEpHeN/83MdbZDRQHoFcYsOfg=
golang.org/x/crypto v0.4.0 h1:UVQgzMY87xqpKNgb+kDsll2Igd33HszWHFLmpaRMq/8=
golang.org/x/crypto v0.4.0/go.mod h1:3quD/ATkf6oY+rnes5c3ExXTbLc8mueNue5/DoinL80=
golang.org/x/sys v0.0.0-20190902133755-9109b7679e13/go.mod h1:h1NjWce9XRLGQEsW7wpKNCjG9DtNlClVuFLEZdDNbEs=
golang.org/x/sys v0.0.0-20191120155948-bd437916bb0e/go.mod h1:h1NjWce9XRLGQEsW7wpKNCjG9DtNlClVuFLEZdDNbEs=
golang.org/x/sys v0.5.0 h1:MUK/U/4lj1t1oPg0HfuXDN/Z1wv31ZJ/YcPiGccS4DU=
golang.org/x/sys v0.5.0/go.mod h1:oPkhp1MJrh7nUepCBck5+mAzfO9JrbApNNgaTdGDITg=
gopkg.in/check.v1 v0.0.0-20161208181325-20d25e280405 h1:yhCVgyC4o1eVCa2tZl7eS0r+SDo693bJlVdllGtEeKM=
gopkg.in/check.v1 v0.0.0-20161208181325-20d25e280405/go.mod h1:Co6ibVJAznAaIkqp8huTwlJQCZ016jof/cbN4VW5Yz0=
gopkg.in/yaml.v2 v2.2.2/go.mod h1:hI93XBmqTisBFMUTm0b8Fm+jr3Dg1NNxqwp+5A1VGuI=
gopkg.in/yaml.v3 v3.0.0-20200313102051-9f266ea9e77c/go.mod h1:K4uyk7z7BCEPqu6E+C64Yfv1cQ7kz7rIZviUmN+EgEM=
gopkg.in/yaml.v3 v3.0.1 h1:fxVm/GzAzEWqLHuvctI91KS9hhNmmWOoWu0XTYJS7CA=
gopkg.in/yaml.v3 v3.0.1/go.mod h1:K4uyk7z7BCEPqu6E+C64Yfv1cQ7kz7rIZviUmN+EgEM=
