# This file is autogenerated, do not edit; changes may be undone by the next 'dep ensure'.


[[projects]]
  branch = "master"
  digest = "1:c9ef1fba766e914747fa05a9947a6312fb0ee0ddb89218b1d96dd28b5d17b67e"
  name = "git.schwanenlied.me/yawning/aez.git"
  packages = ["."]
  pruneopts = "UT"
  revision = "ec7426b4492636b9b39cb6e173e7423500107163"

[[projects]]
  branch = "master"
  digest = "1:9de21014552d022cd20c7886cfa82bf71a011115ff6e9463e059917460050141"
  name = "git.schwanenlied.me/yawning/bsaes.git"
  packages = [
    ".",
    "ct32",
    "ct64",
    "ghash",
    "internal/modes",
  ]
  pruneopts = "UT"
  revision = "26d1add596b6d800bdeeb3bc3b2c7b316c056b6d"

[[projects]]
  branch = "master"
  digest = "1:8fa55a6e302771a90a86ceae1ca3c0df4ef15d21092198e8313f61dde9eea963"
  name = "git.schwanenlied.me/yawning/chacha20.git"
  packages = ["."]
  pruneopts = "UT"
  revision = "e3b1f968fc6397b51d963fee8ec8711a47bc0ce8"

[[projects]]
  branch = "master"
  digest = "1:4ef6b3e83b255ec37b8b9c5db0430ac8ddd94ae4452b50910d09fd724c6cee15"
  name = "git.schwanenlied.me/yawning/newhope.git"
  packages = ["."]
  pruneopts = "UT"
  revision = "9598792ba8f205d72c9b5b639b0d2827cbb7d8b9"

[[projects]]
  digest = "1:9f3b30d9f8e0d7040f729b82dcbc8f0dead820a133b3147ce355fc451f32d761"
  name = "github.com/BurntSushi/toml"
  packages = ["."]
  pruneopts = "UT"
  revision = "3012a1dbe2e4bd1391d42b32f0577cb7bbc7f005"
  version = "v0.3.1"

[[projects]]
  branch = "master"
  digest = "1:454adc7f974228ff789428b6dc098638c57a64aa0718f0bd61e53d3cd39d7a75"
  name = "github.com/abiosoft/readline"
  packages = ["."]
  pruneopts = "UT"
  revision = "155bce2042db95a783081fab225e74dd879055b0"

[[projects]]
  branch = "master"
  digest = "1:4cf11742b199ab3aacf26b00187e72f7ff8ba2145f363b74f295d54f098f79e4"
  name = "github.com/agl/ed25519"
  packages = [
    ".",
    "edwards25519",
    "extra25519",
  ]
  pruneopts = "UT"
  revision = "5312a61534124124185d41f09206b9fef1d88403"

[[projects]]
  digest = "1:865079840386857c809b72ce300be7580cb50d3d3129ce11bf9aa6ca2bc1934a"
  name = "github.com/fatih/color"
  packages = ["."]
  pruneopts = "UT"
  revision = "5b77d2a35fb0ede96d138fc9a99f5c9b6aef11b4"
  version = "v1.7.0"

[[projects]]
  branch = "master"
  digest = "1:50a46ab1d5edbbdd55125b4d37f1bf503d0807c26461f9ad7b358d6006641d09"
  name = "github.com/flynn-archive/go-shlex"
  packages = ["."]
  pruneopts = "UT"
  revision = "3f9db97f856818214da2e1057f8ad84803971cff"

[[projects]]
  digest = "1:318f1c959a8a740366fce4b1e1eb2fd914036b4af58fbd0a003349b305f118ad"
  name = "github.com/golang/protobuf"
  packages = ["proto"]
  pruneopts = "UT"
  revision = "b5d812f8a3706043e23a9cd5babf2e5423744d30"
  version = "v1.3.1"

[[projects]]
  digest = "1:c05660abc0fa1fd5072de6a538c8b415b1a09fdc5d1ead17f0c56f9edc0cf45a"
  name = "github.com/katzenpost/authority"
  packages = [
    "internal/s11n",
    "nonvoting/client",
    "voting/client",
    "voting/server/config",
  ]
  pruneopts = "UT"
  revision = "aa75bd36c6debca9e28363ef7d45af3d1d3c2e7f"
  version = "v0.0.8"

[[projects]]
  digest = "1:c7275bc9638bd7623d1017f5c0d992c3e0f30ea84c7e4a3f29852b01913030b3"
  name = "github.com/katzenpost/channels"
  packages = ["."]
  pruneopts = "UT"
  revision = "0195481ae0d45bf6ac4632ab1d752b6c3bfb350c"
  version = "v0.0.1"

[[projects]]
  digest = "1:d73dd677d883867dfae1faebd76bb8ee7f00a138815d50ccd5fc99a14e49c8fc"
  name = "github.com/katzenpost/client"
  packages = [
    ".",
    "config",
    "constants",
    "internal/pkiclient",
    "internal/proxy",
    "poisson",
    "session",
    "utils",
  ]
  pruneopts = "UT"
  revision = "0a8f39482d2fd448c012738a0052fa37063a5911"
  version = "v0.0.2"

[[projects]]
  digest = "1:86af603dee9df0382e61918b62377aa76d9f51dcba9855e720244f85fc623b85"
  name = "github.com/katzenpost/core"
  packages = [
    "constants",
    "crypto/cert",
    "crypto/ecdh",
    "crypto/eddsa",
    "crypto/rand",
    "epochtime",
    "log",
    "pki",
    "queue",
    "sphinx",
    "sphinx/commands",
    "sphinx/constants",
    "sphinx/internal/crypto",
    "sphinx/path",
    "utils",
    "wire",
    "wire/commands",
    "worker",
  ]
  pruneopts = "UT"
  revision = "c69b5362029448e54320a6523b4d512a581ad994"
  version = "v0.0.7"

[[projects]]
  digest = "1:6da003e53f77172ba6354ae76f9c0728ddd731f56ad98b3172703b1d85b5f5f2"
  name = "github.com/katzenpost/doubleratchet"
  packages = ["."]
  pruneopts = "UT"
  revision = "f64f3658b07627b222456cf13e44cdb0d43bb1c4"
  version = "v0.0.0"

[[projects]]
  digest = "1:3b5bcb442df8cf1fedae1426401062823b898c77457cd3e9caee112b394744f4"
  name = "github.com/katzenpost/memspool"
  packages = [
    "client",
    "common",
  ]
  pruneopts = "UT"
  revision = "310388d6cfa37ca92d3214c5fed7df90f3c5bff7"
  version = "v0.0.1"

[[projects]]
  digest = "1:379bf98f5a843a938f87b39be11cfe32847504fbf6fb5b151b434794b9d4970e"
  name = "github.com/katzenpost/minclient"
  packages = ["."]
  pruneopts = "UT"
  revision = "01a7c28bfefe7b3e0794f1cbb4dde06fa863f2c0"
  version = "v0.0.5"

[[projects]]
  branch = "master"
  digest = "1:00ffbc3f922d0b81273b8f9c5517f85b43193d52fcb995460668fee37c31c286"
  name = "github.com/katzenpost/noise"
  packages = ["."]
  pruneopts = "UT"
  revision = "a6bec72d870aedede0aac380c6c55af0866fad74"

[[projects]]
  digest = "1:ca08022dbe3259045bb20290dfb2ea7ec8d0598b8e45eeca7eb8f3c9c4da3405"
  name = "github.com/katzenpost/panda"
  packages = [
    "client",
    "common",
    "crypto",
    "crypto/proto",
    "crypto/rijndael",
  ]
  pruneopts = "UT"
  revision = "dffbce765e00fea3bb87dfba3e89df037402fdd2"
  version = "v0.0.3"

[[projects]]
  digest = "1:d5b35b7aac54592ad31f08ede68c356eb96e2f59ea57b66dd13498a5e160dde5"
  name = "github.com/katzenpost/registration_client"
  packages = ["."]
  pruneopts = "UT"
  revision = "dc8326f6b77432ad054557e429ad1338e0331b9f"
  version = "v0.0.1"

[[projects]]
  digest = "1:2f8d63de9c4795ae4aae15c958221f54cc2909d5ff6554068a6a124da1cffbfe"
  name = "github.com/katzenpost/server"
  packages = ["registration"]
  pruneopts = "UT"
  revision = "1783439eb761b2bba99f8c07212db4653b96dc4c"
  version = "v0.0.7"

[[projects]]
  digest = "1:c658e84ad3916da105a761660dcaeb01e63416c8ec7bc62256a9b411a05fcd67"
  name = "github.com/mattn/go-colorable"
  packages = ["."]
  pruneopts = "UT"
  revision = "167de6bfdfba052fa6b2d3664c8f5272e23c9072"
  version = "v0.0.9"

[[projects]]
  digest = "1:9b90c7639a41697f3d4ad12d7d67dfacc9a7a4a6e0bbfae4fc72d0da57c28871"
  name = "github.com/mattn/go-isatty"
  packages = ["."]
  pruneopts = "UT"
  revision = "1311e847b0cb909da63b5fecfb5370aa66236465"
  version = "v0.0.8"

[[projects]]
  digest = "1:d0072748c62defde1ad99dde77f6ffce492a0e5aea9204077e497c7edfb86653"
  name = "github.com/ugorji/go"
  packages = ["codec"]
  pruneopts = "UT"
  revision = "2adff0894ba3bc2eeb9f9aea45fefd49802e1a13"
  version = "v1.1.4"

[[projects]]
  branch = "master"
  digest = "1:556a9e4f8e8724a2080da44b52980b11c17abbb5841b1963a37ac54ac98de180"
  name = "golang.org/x/crypto"
  packages = [
    "argon2",
    "blake2b",
    "blake2s",
    "chacha20poly1305",
    "curve25519",
    "ed25519",
    "ed25519/internal/edwards25519",
    "internal/chacha20",
    "internal/subtle",
    "nacl/secretbox",
    "poly1305",
    "salsa20/salsa",
    "sha3",
    "ssh/terminal",
  ]
  pruneopts = "UT"
  revision = "22d7a77e9e5f409e934ed268692e56707cd169e5"

[[projects]]
  branch = "master"
  digest = "1:7bf7584ec3bcea4460f76623f2ab61cdd2a42535db41801f6d8c09b2d1e85824"
  name = "golang.org/x/net"
  packages = [
    "idna",
    "internal/socks",
    "proxy",
  ]
  pruneopts = "UT"
  revision = "f3200d17e092c607f615320ecaad13d87ad9a2b3"

[[projects]]
  branch = "master"
  digest = "1:26f657d5013d13137b239dbb71fd77a52afbf7b92671385ab9a3967ce6694bb4"
  name = "golang.org/x/sys"
  packages = [
    "cpu",
    "unix",
    "windows",
  ]
  pruneopts = "UT"
  revision = "adf421d2caf4ffcf74142ff5fb9ee323b21a819e"

[[projects]]
  digest = "1:8d8faad6b12a3a4c819a3f9618cb6ee1fa1cfc33253abeeea8b55336721e3405"
  name = "golang.org/x/text"
  packages = [
    "collate",
    "collate/build",
    "internal/colltab",
    "internal/gen",
    "internal/language",
    "internal/language/compact",
    "internal/tag",
    "internal/triegen",
    "internal/ucd",
    "language",
    "secure/bidirule",
    "transform",
    "unicode/bidi",
    "unicode/cldr",
    "unicode/norm",
    "unicode/rangetable",
  ]
  pruneopts = "UT"
  revision = "342b2e1fbaa52c93f31447ad2c6abc048c63e475"
  version = "v0.3.2"

[[projects]]
  digest = "1:d19cfbbf2e7dad7c6faba60dc7700d6b7d6ff3d3c9477a8e44c32a9eaf3cd907"
  name = "gopkg.in/abiosoft/ishell.v2"
  packages = ["."]
  pruneopts = "UT"
  revision = "0a6b1640e32638dd433ee7e57ec325a7bdd79561"
  version = "v2.0.0"

[[projects]]
  digest = "1:5b3b29ce0e569f62935d9541dff2e16cc09df981ebde48e82259076a73a3d0c7"
  name = "gopkg.in/op/go-logging.v1"
  packages = ["."]
  pruneopts = "UT"
  revision = "b2cb9fa56473e98db8caba80237377e83fe44db5"
  version = "v1"

[solve-meta]
  analyzer-name = "dep"
  analyzer-version = 1
  input-imports = [
    "github.com/fatih/color",
    "github.com/katzenpost/channels",
    "github.com/katzenpost/client",
    "github.com/katzenpost/client/config",
    "github.com/katzenpost/client/poisson",
    "github.com/katzenpost/client/session",
    "github.com/katzenpost/core/crypto/ecdh",
    "github.com/katzenpost/core/crypto/rand",
    "github.com/katzenpost/core/log",
    "github.com/katzenpost/core/worker",
    "github.com/katzenpost/doubleratchet",
    "github.com/katzenpost/memspool/client",
    "github.com/katzenpost/memspool/common",
    "github.com/katzenpost/panda/client",
    "github.com/katzenpost/panda/crypto",
    "github.com/ugorji/go/codec",
    "golang.org/x/crypto/argon2",
    "golang.org/x/crypto/nacl/secretbox",
    "golang.org/x/crypto/ssh/terminal",
    "gopkg.in/abiosoft/ishell.v2",
    "gopkg.in/op/go-logging.v1",
  ]
  solver-name = "gps-cdcl"
  solver-version = 1
