# This file is autogenerated, do not edit; changes may be undone by the next 'dep ensure'.


[[projects]]
  branch = "master"
  digest = "1:c9ef1fba766e914747fa05a9947a6312fb0ee0ddb89218b1d96dd28b5d17b67e"
  name = "git.schwanenlied.me/yawning/aez.git"
  packages = ["."]
  pruneopts = "UT"
  revision = "ec7426b4492636b9b39cb6e173e7423500107163"

[[projects]]
  branch = "master"
  digest = "1:9de21014552d022cd20c7886cfa82bf71a011115ff6e9463e059917460050141"
  name = "git.schwanenlied.me/yawning/bsaes.git"
  packages = [
    ".",
    "ct32",
    "ct64",
    "ghash",
    "internal/modes",
  ]
  pruneopts = "UT"
  revision = "26d1add596b6d800bdeeb3bc3b2c7b316c056b6d"

[[projects]]
  branch = "master"
  digest = "1:8fa55a6e302771a90a86ceae1ca3c0df4ef15d21092198e8313f61dde9eea963"
  name = "git.schwanenlied.me/yawning/chacha20.git"
  packages = ["."]
  pruneopts = "UT"
  revision = "e3b1f968fc6397b51d963fee8ec8711a47bc0ce8"

[[projects]]
  branch = "master"
  digest = "1:4ef6b3e83b255ec37b8b9c5db0430ac8ddd94ae4452b50910d09fd724c6cee15"
  name = "git.schwanenlied.me/yawning/newhope.git"
  packages = ["."]
  pruneopts = "UT"
  revision = "9598792ba8f205d72c9b5b639b0d2827cbb7d8b9"

[[projects]]
  digest = "1:9f3b30d9f8e0d7040f729b82dcbc8f0dead820a133b3147ce355fc451f32d761"
  name = "github.com/BurntSushi/toml"
  packages = ["."]
  pruneopts = "UT"
  revision = "3012a1dbe2e4bd1391d42b32f0577cb7bbc7f005"
  version = "v0.3.1"

[[projects]]
  branch = "master"
  digest = "1:5699a1540433914320cef63d1afc814e0632c8e7ec5954c37b0fc07a614bf149"
  name = "github.com/agl/ed25519"
  packages = [
    "edwards25519",
    "extra25519",
  ]
  pruneopts = "UT"
  revision = "5312a61534124124185d41f09206b9fef1d88403"

[[projects]]
  digest = "1:ffe9824d294da03b391f44e1ae8281281b4afc1bdaa9588c9097785e3af10cec"
  name = "github.com/davecgh/go-spew"
  packages = ["spew"]
  pruneopts = "UT"
  revision = "8991bc29aa16c548c550c7ff78260e27b9ab7c73"
  version = "v1.1.1"

[[projects]]
  digest = "1:318f1c959a8a740366fce4b1e1eb2fd914036b4af58fbd0a003349b305f118ad"
  name = "github.com/golang/protobuf"
  packages = ["proto"]
  pruneopts = "UT"
  revision = "b5d812f8a3706043e23a9cd5babf2e5423744d30"
  version = "v1.3.1"

[[projects]]
  digest = "1:c05660abc0fa1fd5072de6a538c8b415b1a09fdc5d1ead17f0c56f9edc0cf45a"
  name = "github.com/katzenpost/authority"
  packages = [
    "internal/s11n",
    "nonvoting/client",
    "voting/client",
    "voting/server/config",
  ]
  pruneopts = "UT"
  revision = "aa75bd36c6debca9e28363ef7d45af3d1d3c2e7f"
  version = "v0.0.8"

[[projects]]
  digest = "1:05d5ec33c412916520922f8c337049de4f61a20fae23f4ff803169f9f97addf0"
  name = "github.com/katzenpost/client"
  packages = [
    "config",
    "constants",
    "internal/pkiclient",
    "internal/proxy",
    "poisson",
    "session",
    "utils",
  ]
  pruneopts = "UT"
  revision = "0a8f39482d2fd448c012738a0052fa37063a5911"
  version = "v0.0.2"

[[projects]]
  digest = "1:86af603dee9df0382e61918b62377aa76d9f51dcba9855e720244f85fc623b85"
  name = "github.com/katzenpost/core"
  packages = [
    "constants",
    "crypto/cert",
    "crypto/ecdh",
    "crypto/eddsa",
    "crypto/rand",
    "epochtime",
    "log",
    "pki",
    "queue",
    "sphinx",
    "sphinx/commands",
    "sphinx/constants",
    "sphinx/internal/crypto",
    "sphinx/path",
    "utils",
    "wire",
    "wire/commands",
    "worker",
  ]
  pruneopts = "UT"
  revision = "c69b5362029448e54320a6523b4d512a581ad994"
  version = "v0.0.7"

[[projects]]
  branch = "master"
  digest = "1:379bf98f5a843a938f87b39be11cfe32847504fbf6fb5b151b434794b9d4970e"
  name = "github.com/katzenpost/minclient"
  packages = ["."]
  pruneopts = "UT"
  revision = "01a7c28bfefe7b3e0794f1cbb4dde06fa863f2c0"

[[projects]]
  branch = "master"
  digest = "1:00ffbc3f922d0b81273b8f9c5517f85b43193d52fcb995460668fee37c31c286"
  name = "github.com/katzenpost/noise"
  packages = ["."]
  pruneopts = "UT"
  revision = "a6bec72d870aedede0aac380c6c55af0866fad74"

[[projects]]
  digest = "1:d5b35b7aac54592ad31f08ede68c356eb96e2f59ea57b66dd13498a5e160dde5"
  name = "github.com/katzenpost/registration_client"
  packages = ["."]
  pruneopts = "UT"
  revision = "dc8326f6b77432ad054557e429ad1338e0331b9f"
  version = "v0.0.1"

[[projects]]
  digest = "1:2c0b2554f5a96b390471c2ddf59e5eca96a7c95071d1b94846b30f94a1fab648"
  name = "github.com/katzenpost/server"
  packages = [
    "cborplugin",
    "registration",
  ]
  pruneopts = "UT"
  revision = "1783439eb761b2bba99f8c07212db4653b96dc4c"
  version = "v0.0.7"

[[projects]]
  digest = "1:0028cb19b2e4c3112225cd871870f2d9cf49b9b4276531f03438a88e94be86fe"
  name = "github.com/pmezard/go-difflib"
  packages = ["difflib"]
  pruneopts = "UT"
  revision = "792786c7400a136282c1664665ae0a8db921c6c2"
  version = "v1.0.0"

[[projects]]
  digest = "1:5da8ce674952566deae4dbc23d07c85caafc6cfa815b0b3e03e41979cedb8750"
  name = "github.com/stretchr/testify"
  packages = [
    "assert",
    "require",
  ]
  pruneopts = "UT"
  revision = "ffdc059bfe9ce6a4e144ba849dbedead332c6053"
  version = "v1.3.0"

[[projects]]
  digest = "1:d0072748c62defde1ad99dde77f6ffce492a0e5aea9204077e497c7edfb86653"
  name = "github.com/ugorji/go"
  packages = ["codec"]
  pruneopts = "UT"
  revision = "2adff0894ba3bc2eeb9f9aea45fefd49802e1a13"
  version = "v1.1.4"

[[projects]]
  branch = "master"
  digest = "1:aad74c5ee4a8c44fb159c27a7639b9ccd1b69df21fa84100c86f62918e60235d"
  name = "golang.org/x/crypto"
  packages = [
    "argon2",
    "blake2b",
    "blake2s",
    "chacha20poly1305",
    "curve25519",
    "ed25519",
    "ed25519/internal/edwards25519",
    "internal/chacha20",
    "internal/subtle",
    "nacl/secretbox",
    "poly1305",
    "salsa20/salsa",
    "sha3",
  ]
  pruneopts = "UT"
  revision = "cbcb750295291b33242907a04be40e80801d0cfc"

[[projects]]
  branch = "master"
  digest = "1:7bf7584ec3bcea4460f76623f2ab61cdd2a42535db41801f6d8c09b2d1e85824"
  name = "golang.org/x/net"
  packages = [
    "idna",
    "internal/socks",
    "proxy",
  ]
  pruneopts = "UT"
  revision = "a4d6f7feada510cc50e69a37b484cb0fdc6b7876"

[[projects]]
  branch = "master"
  digest = "1:00a3a12527dd7a3af0d24260fd14887ebd69aaf924303b6a4a67f35eb9b6c012"
  name = "golang.org/x/sys"
  packages = [
    "cpu",
    "unix",
  ]
  pruneopts = "UT"
  revision = "a5b02f93d862f065920dd6a40dddc66b60d0dec4"

[[projects]]
  digest = "1:8d8faad6b12a3a4c819a3f9618cb6ee1fa1cfc33253abeeea8b55336721e3405"
  name = "golang.org/x/text"
  packages = [
    "collate",
    "collate/build",
    "internal/colltab",
    "internal/gen",
    "internal/language",
    "internal/language/compact",
    "internal/tag",
    "internal/triegen",
    "internal/ucd",
    "language",
    "secure/bidirule",
    "transform",
    "unicode/bidi",
    "unicode/cldr",
    "unicode/norm",
    "unicode/rangetable",
  ]
  pruneopts = "UT"
  revision = "342b2e1fbaa52c93f31447ad2c6abc048c63e475"
  version = "v0.3.2"

[[projects]]
  digest = "1:5b3b29ce0e569f62935d9541dff2e16cc09df981ebde48e82259076a73a3d0c7"
  name = "gopkg.in/op/go-logging.v1"
  packages = ["."]
  pruneopts = "UT"
  revision = "b2cb9fa56473e98db8caba80237377e83fe44db5"
  version = "v1"

[solve-meta]
  analyzer-name = "dep"
  analyzer-version = 1
  input-imports = [
    "github.com/golang/protobuf/proto",
    "github.com/katzenpost/client/session",
    "github.com/katzenpost/core/crypto/rand",
    "github.com/katzenpost/core/log",
    "github.com/katzenpost/server/cborplugin",
    "github.com/stretchr/testify/require",
    "github.com/ugorji/go/codec",
    "golang.org/x/crypto/argon2",
    "golang.org/x/crypto/curve25519",
    "golang.org/x/crypto/nacl/secretbox",
    "gopkg.in/op/go-logging.v1",
  ]
  solver-name = "gps-cdcl"
  solver-version = 1
