# This file is autogenerated, do not edit; changes may be undone by the next 'dep ensure'.


[[projects]]
  branch = "master"
  digest = "1:c9ef1fba766e914747fa05a9947a6312fb0ee0ddb89218b1d96dd28b5d17b67e"
  name = "git.schwanenlied.me/yawning/aez.git"
  packages = ["."]
  pruneopts = "UT"
  revision = "ec7426b4492636b9b39cb6e173e7423500107163"

[[projects]]
  branch = "master"
  digest = "1:10d8383417d29f66c2a6ac719853cd0ba90bbc2eb0a26b86ca2a6f6a8376b4a8"
  name = "git.schwanenlied.me/yawning/avl.git"
  packages = ["."]
  pruneopts = "UT"
  revision = "04c7c776e3914c0822035b41af4e9b1b710b0c8c"

[[projects]]
  branch = "master"
  digest = "1:373e018e58ef772768c7839b51ce1a24952b6dd322036c9d4ac19806e5d7a675"
  name = "git.schwanenlied.me/yawning/bloom.git"
  packages = ["."]
  pruneopts = "UT"
  revision = "44d6c5c71ed1f628f2846e98daf730de9191e663"

[[projects]]
  branch = "master"
  digest = "1:9de21014552d022cd20c7886cfa82bf71a011115ff6e9463e059917460050141"
  name = "git.schwanenlied.me/yawning/bsaes.git"
  packages = [
    ".",
    "ct32",
    "ct64",
    "ghash",
    "internal/modes",
  ]
  pruneopts = "UT"
  revision = "26d1add596b6d800bdeeb3bc3b2c7b316c056b6d"

[[projects]]
  branch = "master"
  digest = "1:8fa55a6e302771a90a86ceae1ca3c0df4ef15d21092198e8313f61dde9eea963"
  name = "git.schwanenlied.me/yawning/chacha20"
  packages = ["."]
  pruneopts = "UT"
  revision = "e3b1f968fc6397b51d963fee8ec8711a47bc0ce8"

[[projects]]
  branch = "master"
  digest = "1:8fa55a6e302771a90a86ceae1ca3c0df4ef15d21092198e8313f61dde9eea963"
  name = "git.schwanenlied.me/yawning/chacha20.git"
  packages = ["."]
  pruneopts = "UT"
  revision = "e3b1f968fc6397b51d963fee8ec8711a47bc0ce8"

[[projects]]
  branch = "master"
  digest = "1:4ef6b3e83b255ec37b8b9c5db0430ac8ddd94ae4452b50910d09fd724c6cee15"
  name = "git.schwanenlied.me/yawning/newhope.git"
  packages = ["."]
  pruneopts = "UT"
  revision = "9598792ba8f205d72c9b5b639b0d2827cbb7d8b9"

[[projects]]
  digest = "1:9f3b30d9f8e0d7040f729b82dcbc8f0dead820a133b3147ce355fc451f32d761"
  name = "github.com/BurntSushi/toml"
  packages = ["."]
  pruneopts = "UT"
  revision = "3012a1dbe2e4bd1391d42b32f0577cb7bbc7f005"
  version = "v0.3.1"

[[projects]]
  branch = "master"
  digest = "1:5699a1540433914320cef63d1afc814e0632c8e7ec5954c37b0fc07a614bf149"
  name = "github.com/agl/ed25519"
  packages = [
    "edwards25519",
    "extra25519",
  ]
  pruneopts = "UT"
  revision = "5312a61534124124185d41f09206b9fef1d88403"

[[projects]]
  digest = "1:5f7414cf41466d4b4dd7ec52b2cd3e481e08cfd11e7e24fef730c0e483e88bb1"
  name = "github.com/coreos/bbolt"
  packages = ["."]
  pruneopts = "UT"
  revision = "63597a96ec0ad9e6d43c3fc81e809909e0237461"
  version = "v1.3.2"

[[projects]]
  digest = "1:ffe9824d294da03b391f44e1ae8281281b4afc1bdaa9588c9097785e3af10cec"
  name = "github.com/davecgh/go-spew"
  packages = ["spew"]
  pruneopts = "UT"
  revision = "8991bc29aa16c548c550c7ff78260e27b9ab7c73"
  version = "v1.1.1"

[[projects]]
  digest = "1:1e9a0ec4f7e852123fefad9aadd7647eed1e9fd3716118e99a4b3dc463705c82"
  name = "github.com/dchest/siphash"
  packages = ["."]
  pruneopts = "UT"
  revision = "34f201214d993633bb24f418ba11736ab8b55aa7"
  version = "v1.2.1"

[[projects]]
  digest = "1:444b82bfe35c83bbcaf84e310fb81a1f9ece03edfed586483c869e2c046aef69"
  name = "github.com/eapache/queue"
  packages = ["."]
  pruneopts = "UT"
  revision = "44cc805cf13205b55f69e14bcb69867d1ae92f98"
  version = "v1.1.0"

[[projects]]
  digest = "1:239c4c7fd2159585454003d9be7207167970194216193a8a210b8d29576f19c9"
  name = "github.com/golang/protobuf"
  packages = [
    "proto",
    "ptypes",
    "ptypes/any",
    "ptypes/duration",
    "ptypes/timestamp",
  ]
  pruneopts = "UT"
  revision = "b5d812f8a3706043e23a9cd5babf2e5423744d30"
  version = "v1.3.1"

[[projects]]
  digest = "1:f6ecb0dc7d965d75815729fd300cc0cd17004fb2d6172a7f37192494936942e5"
  name = "github.com/hashicorp/go-hclog"
  packages = ["."]
  pruneopts = "UT"
  revision = "6907afbebd2eef854f0be9194eb79b0ba75d7b29"
  version = "v0.8.0"

[[projects]]
  digest = "1:5e1aece859ec4195f3d16dd3b64a0f111e186b9e95d75141465595063e3a5254"
  name = "github.com/hashicorp/go-plugin"
  packages = [
    ".",
    "internal/plugin",
  ]
  pruneopts = "UT"
  revision = "52e1c4730856c1438ced7597c9b5c585a7bd06a2"
  version = "v1.0.0"

[[projects]]
  branch = "master"
  digest = "1:a4826c308e84f5f161b90b54a814f0be7d112b80164b9b884698a6903ea47ab3"
  name = "github.com/hashicorp/yamux"
  packages = ["."]
  pruneopts = "UT"
  revision = "2f1d1f20f75d5404f53b9edf6b53ed5505508675"

[[projects]]
  branch = "master"
  digest = "1:59392ed8afb901aab4287d4894df8191722e34f3957716f4350c8c133ce99046"
  name = "github.com/hpcloud/tail"
  packages = [
    ".",
    "ratelimiter",
    "util",
    "watch",
    "winfile",
  ]
  pruneopts = "UT"
  revision = "a1dbeea552b7c8df4b542c66073e393de198a800"

[[projects]]
  digest = "1:6a5edb6e9ad91f22d33e01739bbabea324fed674c40bc4f7d60adb48235e8b48"
  name = "github.com/jackc/pgx"
  packages = [
    ".",
    "chunkreader",
    "internal/sanitize",
    "pgio",
    "pgproto3",
    "pgtype",
  ]
  pruneopts = "UT"
  revision = "c59c9cac59ab95eceb0c12ff338923c62f411ea2"
  version = "v3.3.0"

[[projects]]
  digest = "1:269ff1482abecf27ea81581f31f18b71ccc06ec0f65249b8d440476079ede4a9"
  name = "github.com/katzenpost/authority"
  packages = [
    "internal/s11n",
    "nonvoting/client",
    "nonvoting/server",
    "nonvoting/server/config",
    "voting/client",
    "voting/server",
    "voting/server/config",
  ]
  pruneopts = "UT"
  revision = "aa75bd36c6debca9e28363ef7d45af3d1d3c2e7f"

[[projects]]
  digest = "1:58f3ca52e7066897e8118d9aaed1ef54b0f4b3d6176616d294e914f79ae79641"
  name = "github.com/katzenpost/core"
  packages = [
    "constants",
    "crypto/cert",
    "crypto/ecdh",
    "crypto/eddsa",
    "crypto/rand",
    "epochtime",
    "log",
    "monotime",
    "pki",
    "queue",
    "sphinx",
    "sphinx/commands",
    "sphinx/constants",
    "sphinx/internal/crypto",
    "sphinx/path",
    "thwack",
    "utils",
    "wire",
    "wire/commands",
    "worker",
  ]
  pruneopts = "UT"
  revision = "ebf6b0ee65d29ae5361f8882d83da6bd0031a68b"

[[projects]]
  branch = "master"
  digest = "1:ee8451c7dfe410b23f075186536e7370a8d98465e2dbf88a032a977854a375f8"
  name = "github.com/katzenpost/kimchi"
  packages = ["."]
  pruneopts = "UT"
  revision = "e169e102c7994b53c47745504f673b7b4ab244e3"

[[projects]]
  branch = "master"
  digest = "1:379bf98f5a843a938f87b39be11cfe32847504fbf6fb5b151b434794b9d4970e"
  name = "github.com/katzenpost/minclient"
  packages = ["."]
  pruneopts = "UT"
  revision = "01a7c28bfefe7b3e0794f1cbb4dde06fa863f2c0"

[[projects]]
  branch = "master"
  digest = "1:00ffbc3f922d0b81273b8f9c5517f85b43193d52fcb995460668fee37c31c286"
  name = "github.com/katzenpost/noise"
  packages = ["."]
  pruneopts = "UT"
  revision = "a6bec72d870aedede0aac380c6c55af0866fad74"

[[projects]]
  digest = "1:d5b35b7aac54592ad31f08ede68c356eb96e2f59ea57b66dd13498a5e160dde5"
  name = "github.com/katzenpost/registration_client"
  packages = ["."]
  pruneopts = "UT"
  revision = "dc8326f6b77432ad054557e429ad1338e0331b9f"
  version = "v0.0.1"

[[projects]]
  branch = "master"
  digest = "1:859002b35f25d69854a9916e3162b41f2c6e0a28178687ece5c7ae7df5141135"
  name = "github.com/katzenpost/server"
  packages = [
    ".",
    "cborplugin",
    "config",
    "grpcplugin",
    "grpcplugin/proto",
    "internal/constants",
    "internal/cryptoworker",
    "internal/debug",
    "internal/decoy",
    "internal/glue",
    "internal/incoming",
    "internal/mixkey",
    "internal/outgoing",
    "internal/packet",
    "internal/pki",
    "internal/pkicache",
    "internal/provider",
    "internal/provider/kaetzchen",
    "internal/scheduler",
    "internal/sqldb",
    "registration",
    "spool",
    "spool/boltspool",
    "userdb",
    "userdb/boltuserdb",
    "userdb/externuserdb",
  ]
  pruneopts = "UT"
  revision = "f31b1483530c6d059ed1cbd3fd3df91108907664"

[[projects]]
  digest = "1:42eb1f52b84a06820cedc9baec2e710bfbda3ee6dac6cdb97f8b9a5066134ec6"
  name = "github.com/mitchellh/go-testing-interface"
  packages = ["."]
  pruneopts = "UT"
  revision = "6d0b8010fcc857872e42fc6c931227569016843c"
  version = "v1.0.0"

[[projects]]
  digest = "1:9ec6cf1df5ad1d55cf41a43b6b1e7e118a91bade4f68ff4303379343e40c0e25"
  name = "github.com/oklog/run"
  packages = ["."]
  pruneopts = "UT"
  revision = "4dadeb3030eda0273a12382bb2348ffc7c9d1a39"
  version = "v1.0.0"

[[projects]]
  digest = "1:cf31692c14422fa27c83a05292eb5cbe0fb2775972e8f1f8446a71549bd8980b"
  name = "github.com/pkg/errors"
  packages = ["."]
  pruneopts = "UT"
  revision = "ba968bfe8b2f7e042a574c888954fccecfa385b4"
  version = "v0.8.1"

[[projects]]
  digest = "1:0028cb19b2e4c3112225cd871870f2d9cf49b9b4276531f03438a88e94be86fe"
  name = "github.com/pmezard/go-difflib"
  packages = ["difflib"]
  pruneopts = "UT"
  revision = "792786c7400a136282c1664665ae0a8db921c6c2"
  version = "v1.0.0"

[[projects]]
  digest = "1:972c2427413d41a1e06ca4897e8528e5a1622894050e2f527b38ddf0f343f759"
  name = "github.com/stretchr/testify"
  packages = ["assert"]
  pruneopts = "UT"
  revision = "ffdc059bfe9ce6a4e144ba849dbedead332c6053"
  version = "v1.3.0"

[[projects]]
  digest = "1:4887e9e89c80299aa520d718239809fdd2a47a9aa394909b169959bfbc424ddf"
  name = "github.com/ugorji/go"
  packages = ["codec"]
  pruneopts = "UT"
  revision = "8fd0f8d918c8f0b52d0af210a812ba882cc31a1e"
  version = "v1.1.2"

[[projects]]
  branch = "master"
  digest = "1:a2aadcdd4550475b90146439629c9e680207f4ec3737a5ce820121dca9101050"
  name = "golang.org/x/crypto"
  packages = [
    "blake2b",
    "blake2s",
    "chacha20poly1305",
    "curve25519",
    "ed25519",
    "ed25519/internal/edwards25519",
    "internal/chacha20",
    "internal/subtle",
    "poly1305",
    "sha3",
  ]
  pruneopts = "UT"
  revision = "a5d413f7728c81fb97d96a2b722368945f651e78"

[[projects]]
  branch = "master"
  digest = "1:2f2fffd37ea6081a9422b3010982805daab9dbd7bd030196f79298575bfe2581"
  name = "golang.org/x/net"
  packages = [
    "context",
    "http/httpguts",
    "http2",
    "http2/hpack",
    "idna",
    "internal/socks",
    "internal/timeseries",
    "proxy",
    "trace",
  ]
  pruneopts = "UT"
  revision = "74de082e2cca95839e88aa0aeee5aadf6ce7710f"

[[projects]]
  branch = "master"
  digest = "1:263a5ac51439cb9afdef5ef3d520f9e9dab4f20df8c55e8145d4178e2d423ca3"
  name = "golang.org/x/sys"
  packages = [
    "cpu",
    "unix",
  ]
  pruneopts = "UT"
  revision = "e4093980e83e70784fc393a93d5620e2654097f0"

[[projects]]
  digest = "1:2b43038ba580394ec711455c92dc9c89f3c29ad758136afe6aef01685ef3b557"
  name = "golang.org/x/text"
  packages = [
    "cases",
    "collate",
    "collate/build",
    "internal",
    "internal/colltab",
    "internal/gen",
    "internal/tag",
    "internal/triegen",
    "internal/ucd",
    "language",
    "runes",
    "secure/bidirule",
    "secure/precis",
    "transform",
    "unicode/bidi",
    "unicode/cldr",
    "unicode/norm",
    "unicode/rangetable",
    "width",
  ]
  pruneopts = "UT"
  revision = "f21a4dfb5e38f5895301dc265a8def02365cc3d0"
  version = "v0.3.0"

[[projects]]
  branch = "master"
  digest = "1:c3076e7defee87de1236f1814beb588f40a75544c60121e6eb38b3b3721783e2"
  name = "google.golang.org/genproto"
  packages = ["googleapis/rpc/status"]
  pruneopts = "UT"
  revision = "f467c93bbac2133ff463e1f93d18d8f9f3f04451"

[[projects]]
  digest = "1:0a9f19dcf84d47ea582c0f4db5dbf91f274596a88294198ec15bd0516caac6b2"
  name = "google.golang.org/grpc"
  packages = [
    ".",
    "balancer",
    "balancer/base",
    "balancer/roundrobin",
    "binarylog/grpc_binarylog_v1",
    "codes",
    "connectivity",
    "credentials",
    "credentials/internal",
    "encoding",
    "encoding/proto",
    "grpclog",
    "health",
    "health/grpc_health_v1",
    "internal",
    "internal/backoff",
    "internal/binarylog",
    "internal/channelz",
    "internal/envconfig",
    "internal/grpcrand",
    "internal/grpcsync",
    "internal/syscall",
    "internal/transport",
    "keepalive",
    "metadata",
    "naming",
    "peer",
    "resolver",
    "resolver/dns",
    "resolver/passthrough",
    "stats",
    "status",
    "tap",
  ]
  pruneopts = "UT"
  revision = "3507fb8e1a5ad030303c106fef3a47c9fdad16ad"
  version = "v1.19.1"

[[projects]]
  digest = "1:975a4480c40f2d0b95e1f83d3ec1aa29a2774e80179e08a9a4ba2aab86721b23"
  name = "gopkg.in/eapache/channels.v1"
  packages = ["."]
  pruneopts = "UT"
  revision = "47238d5aae8c0fefd518ef2bee46290909cf8263"
  version = "v1.1.0"

[[projects]]
  digest = "1:abeb38ade3f32a92943e5be54f55ed6d6e3b6602761d74b4aab4c9dd45c18abd"
  name = "gopkg.in/fsnotify/fsnotify.v1"
  packages = ["."]
  pruneopts = "UT"
  revision = "c2828203cd70a50dcccfb2761f8b1f8ceef9a8e9"
  version = "v1.4.7"

[[projects]]
  digest = "1:5b3b29ce0e569f62935d9541dff2e16cc09df981ebde48e82259076a73a3d0c7"
  name = "gopkg.in/op/go-logging.v1"
  packages = ["."]
  pruneopts = "UT"
  revision = "b2cb9fa56473e98db8caba80237377e83fe44db5"
  version = "v1"

[[projects]]
  digest = "1:3c839a777de0e6da035c9de900b60cbec463b0a89351192c1ea083eaf9e0fce0"
  name = "gopkg.in/tomb.v1"
  packages = ["."]
  pruneopts = "UT"
  revision = "c131134a1947e9afd9cecfe11f4c6dff0732ae58"

[solve-meta]
  analyzer-name = "dep"
  analyzer-version = 1
  input-imports = [
    "github.com/BurntSushi/toml",
    "github.com/katzenpost/authority/nonvoting/client",
    "github.com/katzenpost/authority/voting/client",
    "github.com/katzenpost/authority/voting/server/config",
    "github.com/katzenpost/core/constants",
    "github.com/katzenpost/core/crypto/ecdh",
    "github.com/katzenpost/core/crypto/eddsa",
    "github.com/katzenpost/core/crypto/rand",
    "github.com/katzenpost/core/epochtime",
    "github.com/katzenpost/core/log",
    "github.com/katzenpost/core/pki",
    "github.com/katzenpost/core/queue",
    "github.com/katzenpost/core/sphinx",
    "github.com/katzenpost/core/sphinx/constants",
    "github.com/katzenpost/core/utils",
    "github.com/katzenpost/core/worker",
    "github.com/katzenpost/kimchi",
    "github.com/katzenpost/minclient",
    "github.com/katzenpost/registration_client",
    "github.com/stretchr/testify/assert",
    "golang.org/x/net/idna",
    "golang.org/x/net/proxy",
    "gopkg.in/op/go-logging.v1",
  ]
  solver-name = "gps-cdcl"
  solver-version = 1
